<Solution>
  <Project Path="Assembly-CSharp.csproj" />
  <Project Path="SplineTerrain.Runtime.csproj" />
  <Project Path="Assembly-CSharp-Editor-firstpass.csproj" />
  <Project Path="Assembly-CSharp-Editor.csproj" />
  <Project Path="SplineTerrain.Editor.csproj" />
  <Project Path="Assembly-CSharp-firstpass.csproj" />
</Solution>
